
Microsoft Visual Studio Solution File, Format Version 12.00
# Visual Studio Version 16
VisualStudioVersion = 16.0.31129.286
MinimumVisualStudioVersion = 10.0.40219.1
Project("{FAE04EC0-301F-11D3-BF4B-00C04F79EFBC}") = "MHTH.Front", "MHTH.Front.csproj", "{BF20AC84-3D95-4647-BA44-021895BB2209}"
EndProject
Project("{FAE04EC0-301F-11D3-BF4B-00C04F79EFBC}") = "MHTH.Back", "..\MHTH.Service\MHTH.Back.csproj", "{F5ED0622-DF67-4E08-A923-AF56FCD15AEF}"
EndProject
Project("{FAE04EC0-301F-11D3-BF4B-00C04F79EFBC}") = "MHTH.Database", "..\MHTH.Database\MHTH.Database.csproj", "{68FFD7D2-87BB-44F2-BD17-A01EA1EF94BF}"
EndProject
Project("{FAE04EC0-301F-11D3-BF4B-00C04F79EFBC}") = "MHTH.Importer", "..\MHTH.Importer\MHTH.Importer.csproj", "{16A72FA5-1799-4CD9-9AF2-6A08FC6F8327}"
EndProject
Project("{00D1A9C2-B5F0-4AF3-8072-F6C62B433612}") = "MHTH.DatabaseSyncronize", "..\MHTH.DatabaseSyncronize\MHTH.DatabaseSyncronize.sqlproj", "{7D2B8319-175B-48E2-84C2-EBDB7DB8E93E}"
EndProject
Global
	GlobalSection(SolutionConfigurationPlatforms) = preSolution
		Debug|Any CPU = Debug|Any CPU
		Release|Any CPU = Release|Any CPU
	EndGlobalSection
	GlobalSection(ProjectConfigurationPlatforms) = postSolution
		{BF20AC84-3D95-4647-BA44-021895BB2209}.Debug|Any CPU.ActiveCfg = Debug|Any CPU
		{BF20AC84-3D95-4647-BA44-021895BB2209}.Debug|Any CPU.Build.0 = Debug|Any CPU
		{BF20AC84-3D95-4647-BA44-021895BB2209}.Release|Any CPU.ActiveCfg = Release|Any CPU
		{BF20AC84-3D95-4647-BA44-021895BB2209}.Release|Any CPU.Build.0 = Release|Any CPU
		{F5ED0622-DF67-4E08-A923-AF56FCD15AEF}.Debug|Any CPU.ActiveCfg = Debug|Any CPU
		{F5ED0622-DF67-4E08-A923-AF56FCD15AEF}.Debug|Any CPU.Build.0 = Debug|Any CPU
		{F5ED0622-DF67-4E08-A923-AF56FCD15AEF}.Release|Any CPU.ActiveCfg = Release|Any CPU
		{F5ED0622-DF67-4E08-A923-AF56FCD15AEF}.Release|Any CPU.Build.0 = Release|Any CPU
		{68FFD7D2-87BB-44F2-BD17-A01EA1EF94BF}.Debug|Any CPU.ActiveCfg = Debug|Any CPU
		{68FFD7D2-87BB-44F2-BD17-A01EA1EF94BF}.Debug|Any CPU.Build.0 = Debug|Any CPU
		{68FFD7D2-87BB-44F2-BD17-A01EA1EF94BF}.Release|Any CPU.ActiveCfg = Release|Any CPU
		{68FFD7D2-87BB-44F2-BD17-A01EA1EF94BF}.Release|Any CPU.Build.0 = Release|Any CPU
		{16A72FA5-1799-4CD9-9AF2-6A08FC6F8327}.Debug|Any CPU.ActiveCfg = Debug|Any CPU
		{16A72FA5-1799-4CD9-9AF2-6A08FC6F8327}.Debug|Any CPU.Build.0 = Debug|Any CPU
		{16A72FA5-1799-4CD9-9AF2-6A08FC6F8327}.Release|Any CPU.ActiveCfg = Release|Any CPU
		{16A72FA5-1799-4CD9-9AF2-6A08FC6F8327}.Release|Any CPU.Build.0 = Release|Any CPU
		{7D2B8319-175B-48E2-84C2-EBDB7DB8E93E}.Debug|Any CPU.ActiveCfg = Debug|Any CPU
		{7D2B8319-175B-48E2-84C2-EBDB7DB8E93E}.Debug|Any CPU.Build.0 = Debug|Any CPU
		{7D2B8319-175B-48E2-84C2-EBDB7DB8E93E}.Debug|Any CPU.Deploy.0 = Debug|Any CPU
		{7D2B8319-175B-48E2-84C2-EBDB7DB8E93E}.Release|Any CPU.ActiveCfg = Release|Any CPU
		{7D2B8319-175B-48E2-84C2-EBDB7DB8E93E}.Release|Any CPU.Build.0 = Release|Any CPU
		{7D2B8319-175B-48E2-84C2-EBDB7DB8E93E}.Release|Any CPU.Deploy.0 = Release|Any CPU
	EndGlobalSection
	GlobalSection(SolutionProperties) = preSolution
		HideSolutionNode = FALSE
	EndGlobalSection
	GlobalSection(ExtensibilityGlobals) = postSolution
		SolutionGuid = {62CE2E7A-5FBA-44F5-B9BA-884D339AE71C}
	EndGlobalSection
EndGlobal
